
Microsoft Visual Studio Solution File, Format Version 12.00
# Visual Studio Version 16
VisualStudioVersion = 16.0.34301.259
MinimumVisualStudioVersion = 10.0.40219.1
Project("{D2ABAB84-BF74-430A-B69E-9DC6D40DDA17}") = "MaxiAirlinesDW", "MaxiAirlinesDW\MaxiAirlinesDW.dwproj", "{E3BC9B83-0543-45B0-81DB-7E2B261181DA}"
EndProject
Global
	GlobalSection(SolutionConfigurationPlatforms) = preSolution
		Development|Default = Development|Default
	EndGlobalSection
	GlobalSection(ProjectConfigurationPlatforms) = postSolution
		{E3BC9B83-0543-45B0-81DB-7E2B261181DA}.Development|Default.ActiveCfg = Development
		{E3BC9B83-0543-45B0-81DB-7E2B261181DA}.Development|Default.Build.0 = Development
		{E3BC9B83-0543-45B0-81DB-7E2B261181DA}.Development|Default.Deploy.0 = Development
	EndGlobalSection
	GlobalSection(SolutionProperties) = preSolution
		HideSolutionNode = FALSE
	EndGlobalSection
	GlobalSection(ExtensibilityGlobals) = postSolution
		SolutionGuid = {890DE30E-BD04-4BAB-ACC1-CBAADC471EE4}
	EndGlobalSection
EndGlobal
